// !$*UTF8*$!
{
	archiveVersion = 1;
	classes = {
	};
	objectVersion = 56;
	objects = {

/* Begin PBXBuildFile section */
		A5D94EF12BA5907500A2D609 /* AppDelegate.swift in Sources */ = {isa = PBXBuildFile; fileRef = A5D94EF02BA5907500A2D609 /* AppDelegate.swift */; };
		A5D94EF32BA5907500A2D609 /* SceneDelegate.swift in Sources */ = {isa = PBXBuildFile; fileRef = A5D94EF22BA5907500A2D609 /* SceneDelegate.swift */; };
		A5D94EF82BA5907500A2D609 /* Base in Resources */ = {isa = PBXBuildFile; fileRef = A5D94EF72BA5907500A2D609 /* Base */; };
		A5D94EFD2BA5907600A2D609 /* Base in Resources */ = {isa = PBXBuildFile; fileRef = A5D94EFC2BA5907600A2D609 /* Base */; };
		A5D94F1A2BA59AB500A2D609 /* arsenal.mp3 in Resources */ = {isa = PBXBuildFile; fileRef = A5D94F042BA59AB500A2D609 /* arsenal.mp3 */; };
		A5D94F1B2BA59AB500A2D609 /* aston_villa.mp3 in Resources */ = {isa = PBXBuildFile; fileRef = A5D94F052BA59AB500A2D609 /* aston_villa.mp3 */; };
		A5D94F1C2BA59AB500A2D609 /* brighton.mp3 in Resources */ = {isa = PBXBuildFile; fileRef = A5D94F062BA59AB500A2D609 /* brighton.mp3 */; };
		A5D94F1D2BA59AB500A2D609 /* burnley.mp3 in Resources */ = {isa = PBXBuildFile; fileRef = A5D94F072BA59AB500A2D609 /* burnley.mp3 */; };
		A5D94F1E2BA59AB500A2D609 /* chelsea.mp3 in Resources */ = {isa = PBXBuildFile; fileRef = A5D94F082BA59AB500A2D609 /* chelsea.mp3 */; };
		A5D94F1F2BA59AB500A2D609 /* everton.mp3 in Resources */ = {isa = PBXBuildFile; fileRef = A5D94F092BA59AB500A2D609 /* everton.mp3 */; };
		A5D94F202BA59AB500A2D609 /* fulham.mp3 in Resources */ = {isa = PBXBuildFile; fileRef = A5D94F0A2BA59AB500A2D609 /* fulham.mp3 */; };
		A5D94F212BA59AB500A2D609 /* leeds.mp3 in Resources */ = {isa = PBXBuildFile; fileRef = A5D94F0B2BA59AB500A2D609 /* leeds.mp3 */; };
		A5D94F222BA59AB500A2D609 /* leicester.mp3 in Resources */ = {isa = PBXBuildFile; fileRef = A5D94F0C2BA59AB500A2D609 /* leicester.mp3 */; };
		A5D94F232BA59AB500A2D609 /* liverpool.mp3 in Resources */ = {isa = PBXBuildFile; fileRef = A5D94F0D2BA59AB500A2D609 /* liverpool.mp3 */; };
		A5D94F242BA59AB500A2D609 /* manchester_city.mp3 in Resources */ = {isa = PBXBuildFile; fileRef = A5D94F0E2BA59AB500A2D609 /* manchester_city.mp3 */; };
		A5D94F252BA59AB500A2D609 /* manchester_united.mp3 in Resources */ = {isa = PBXBuildFile; fileRef = A5D94F0F2BA59AB500A2D609 /* manchester_united.mp3 */; };
		A5D94F262BA59AB500A2D609 /* newcastle.mp3 in Resources */ = {isa = PBXBuildFile; fileRef = A5D94F102BA59AB500A2D609 /* newcastle.mp3 */; };
		A5D94F272BA59AB500A2D609 /* palace.mp3 in Resources */ = {isa = PBXBuildFile; fileRef = A5D94F112BA59AB500A2D609 /* palace.mp3 */; };
		A5D94F282BA59AB500A2D609 /* sheffield.mp3 in Resources */ = {isa = PBXBuildFile; fileRef = A5D94F122BA59AB500A2D609 /* sheffield.mp3 */; };
		A5D94F292BA59AB500A2D609 /* southampton.mp3 in Resources */ = {isa = PBXBuildFile; fileRef = A5D94F132BA59AB500A2D609 /* southampton.mp3 */; };
		A5D94F2A2BA59AB500A2D609 /* tottenham.mp3 in Resources */ = {isa = PBXBuildFile; fileRef = A5D94F142BA59AB500A2D609 /* tottenham.mp3 */; };
		A5D94F2B2BA59AB500A2D609 /* west_brom.mp3 in Resources */ = {isa = PBXBuildFile; fileRef = A5D94F152BA59AB500A2D609 /* west_brom.mp3 */; };
		A5D94F2C2BA59AB500A2D609 /* wolves.mp3 in Resources */ = {isa = PBXBuildFile; fileRef = A5D94F162BA59AB500A2D609 /* wolves.mp3 */; };
		A5D94F2D2BA59AB500A2D609 /* Teams.swift in Sources */ = {isa = PBXBuildFile; fileRef = A5D94F182BA59AB500A2D609 /* Teams.swift */; };
		A5D94F2F2BA59AEB00A2D609 /* Assets.xcassets in Resources */ = {isa = PBXBuildFile; fileRef = A5D94F2E2BA59AEB00A2D609 /* Assets.xcassets */; };
		A5D94F352BA5A7A100A2D609 /* ChantsViewController.swift in Sources */ = {isa = PBXBuildFile; fileRef = A5D94F342BA5A7A100A2D609 /* ChantsViewController.swift */; };
		A5D94F392BA5B50300A2D609 /* Team.swift in Sources */ = {isa = PBXBuildFile; fileRef = A5D94F382BA5B50300A2D609 /* Team.swift */; };
		A5D94F3B2BA5B5AE00A2D609 /* Manager.swift in Sources */ = {isa = PBXBuildFile; fileRef = A5D94F3A2BA5B5AE00A2D609 /* Manager.swift */; };
		A5D94F3E2BA5B64F00A2D609 /* TeamsViewModel.swift in Sources */ = {isa = PBXBuildFile; fileRef = A5D94F3C2BA5B64F00A2D609 /* TeamsViewModel.swift */; };
		A5D94F412BA5BC0900A2D609 /* TeamTableViewCell.swift in Sources */ = {isa = PBXBuildFile; fileRef = A5D94F402BA5BC0900A2D609 /* TeamTableViewCell.swift */; };
		A5D94F432BA60FDF00A2D609 /* Assets.swift in Sources */ = {isa = PBXBuildFile; fileRef = A5D94F422BA60FDF00A2D609 /* Assets.swift */; };
		A5D94F452BA623C200A2D609 /* AudioManagerViewModel.swift in Sources */ = {isa = PBXBuildFile; fileRef = A5D94F442BA623C200A2D609 /* AudioManagerViewModel.swift */; };
		A5D94F482BA630DC00A2D609 /* AppInterface in Resources */ = {isa = PBXBuildFile; fileRef = A5D94F472BA630DC00A2D609 /* AppInterface */; };
/* End PBXBuildFile section */

/* Begin PBXFileReference section */
		A5D94EED2BA5907400A2D609 /* Huilehui PremierLeague.app */ = {isa = PBXFileReference; explicitFileType = wrapper.application; includeInIndex = 0; path = "Huilehui PremierLeague.app"; sourceTree = BUILT_PRODUCTS_DIR; };
		A5D94EF02BA5907500A2D609 /* AppDelegate.swift */ = {isa = PBXFileReference; lastKnownFileType = sourcecode.swift; path = AppDelegate.swift; sourceTree = "<group>"; };
		A5D94EF22BA5907500A2D609 /* SceneDelegate.swift */ = {isa = PBXFileReference; lastKnownFileType = sourcecode.swift; path = SceneDelegate.swift; sourceTree = "<group>"; };
		A5D94EF72BA5907500A2D609 /* Base */ = {isa = PBXFileReference; lastKnownFileType = file.storyboard; name = Base; path = Base.lproj/Main.storyboard; sourceTree = "<group>"; };
		A5D94EFC2BA5907600A2D609 /* Base */ = {isa = PBXFileReference; lastKnownFileType = file.storyboard; name = Base; path = Base.lproj/LaunchScreen.storyboard; sourceTree = "<group>"; };
		A5D94EFE2BA5907600A2D609 /* Info.plist */ = {isa = PBXFileReference; lastKnownFileType = text.plist.xml; path = Info.plist; sourceTree = "<group>"; };
		A5D94F042BA59AB500A2D609 /* arsenal.mp3 */ = {isa = PBXFileReference; lastKnownFileType = audio.mp3; path = arsenal.mp3; sourceTree = "<group>"; };
		A5D94F052BA59AB500A2D609 /* aston_villa.mp3 */ = {isa = PBXFileReference; lastKnownFileType = audio.mp3; path = aston_villa.mp3; sourceTree = "<group>"; };
		A5D94F062BA59AB500A2D609 /* brighton.mp3 */ = {isa = PBXFileReference; lastKnownFileType = audio.mp3; path = brighton.mp3; sourceTree = "<group>"; };
		A5D94F072BA59AB500A2D609 /* burnley.mp3 */ = {isa = PBXFileReference; lastKnownFileType = audio.mp3; path = burnley.mp3; sourceTree = "<group>"; };
		A5D94F082BA59AB500A2D609 /* chelsea.mp3 */ = {isa = PBXFileReference; lastKnownFileType = audio.mp3; path = chelsea.mp3; sourceTree = "<group>"; };
		A5D94F092BA59AB500A2D609 /* everton.mp3 */ = {isa = PBXFileReference; lastKnownFileType = audio.mp3; path = everton.mp3; sourceTree = "<group>"; };
		A5D94F0A2BA59AB500A2D609 /* fulham.mp3 */ = {isa = PBXFileReference; lastKnownFileType = audio.mp3; path = fulham.mp3; sourceTree = "<group>"; };
		A5D94F0B2BA59AB500A2D609 /* leeds.mp3 */ = {isa = PBXFileReference; lastKnownFileType = audio.mp3; path = leeds.mp3; sourceTree = "<group>"; };
		A5D94F0C2BA59AB500A2D609 /* leicester.mp3 */ = {isa = PBXFileReference; lastKnownFileType = audio.mp3; path = leicester.mp3; sourceTree = "<group>"; };
		A5D94F0D2BA59AB500A2D609 /* liverpool.mp3 */ = {isa = PBXFileReference; lastKnownFileType = audio.mp3; path = liverpool.mp3; sourceTree = "<group>"; };
		A5D94F0E2BA59AB500A2D609 /* manchester_city.mp3 */ = {isa = PBXFileReference; lastKnownFileType = audio.mp3; path = manchester_city.mp3; sourceTree = "<group>"; };
		A5D94F0F2BA59AB500A2D609 /* manchester_united.mp3 */ = {isa = PBXFileReference; lastKnownFileType = audio.mp3; path = manchester_united.mp3; sourceTree = "<group>"; };
		A5D94F102BA59AB500A2D609 /* newcastle.mp3 */ = {isa = PBXFileReference; lastKnownFileType = audio.mp3; path = newcastle.mp3; sourceTree = "<group>"; };
		A5D94F112BA59AB500A2D609 /* palace.mp3 */ = {isa = PBXFileReference; lastKnownFileType = audio.mp3; path = palace.mp3; sourceTree = "<group>"; };
		A5D94F122BA59AB500A2D609 /* sheffield.mp3 */ = {isa = PBXFileReference; lastKnownFileType = audio.mp3; path = sheffield.mp3; sourceTree = "<group>"; };
		A5D94F132BA59AB500A2D609 /* southampton.mp3 */ = {isa = PBXFileReference; lastKnownFileType = audio.mp3; path = southampton.mp3; sourceTree = "<group>"; };
		A5D94F142BA59AB500A2D609 /* tottenham.mp3 */ = {isa = PBXFileReference; lastKnownFileType = audio.mp3; path = tottenham.mp3; sourceTree = "<group>"; };
		A5D94F152BA59AB500A2D609 /* west_brom.mp3 */ = {isa = PBXFileReference; lastKnownFileType = audio.mp3; path = west_brom.mp3; sourceTree = "<group>"; };
		A5D94F162BA59AB500A2D609 /* wolves.mp3 */ = {isa = PBXFileReference; lastKnownFileType = audio.mp3; path = wolves.mp3; sourceTree = "<group>"; };
		A5D94F182BA59AB500A2D609 /* Teams.swift */ = {isa = PBXFileReference; fileEncoding = 4; lastKnownFileType = sourcecode.swift; path = Teams.swift; sourceTree = "<group>"; };
		A5D94F2E2BA59AEB00A2D609 /* Assets.xcassets */ = {isa = PBXFileReference; lastKnownFileType = folder.assetcatalog; path = Assets.xcassets; sourceTree = "<group>"; };
		A5D94F342BA5A7A100A2D609 /* ChantsViewController.swift */ = {isa = PBXFileReference; lastKnownFileType = sourcecode.swift; path = ChantsViewController.swift; sourceTree = "<group>"; };
		A5D94F382BA5B50300A2D609 /* Team.swift */ = {isa = PBXFileReference; lastKnownFileType = sourcecode.swift; path = Team.swift; sourceTree = "<group>"; };
		A5D94F3A2BA5B5AE00A2D609 /* Manager.swift */ = {isa = PBXFileReference; lastKnownFileType = sourcecode.swift; path = Manager.swift; sourceTree = "<group>"; };
		A5D94F3C2BA5B64F00A2D609 /* TeamsViewModel.swift */ = {isa = PBXFileReference; fileEncoding = 4; lastKnownFileType = sourcecode.swift; path = TeamsViewModel.swift; sourceTree = "<group>"; };
		A5D94F402BA5BC0900A2D609 /* TeamTableViewCell.swift */ = {isa = PBXFileReference; lastKnownFileType = sourcecode.swift; path = TeamTableViewCell.swift; sourceTree = "<group>"; };
		A5D94F422BA60FDF00A2D609 /* Assets.swift */ = {isa = PBXFileReference; lastKnownFileType = sourcecode.swift; path = Assets.swift; sourceTree = "<group>"; };
		A5D94F442BA623C200A2D609 /* AudioManagerViewModel.swift */ = {isa = PBXFileReference; lastKnownFileType = sourcecode.swift; path = AudioManagerViewModel.swift; sourceTree = "<group>"; };
		A5D94F472BA630DC00A2D609 /* AppInterface */ = {isa = PBXFileReference; lastKnownFileType = file; path = AppInterface; sourceTree = "<group>"; };
/* End PBXFileReference section */

/* Begin PBXFrameworksBuildPhase section */
		A5D94EEA2BA5907400A2D609 /* Frameworks */ = {
			isa = PBXFrameworksBuildPhase;
			buildActionMask = 2147483647;
			files = (
			);
			runOnlyForDeploymentPostprocessing = 0;
		};
/* End PBXFrameworksBuildPhase section */

/* Begin PBXGroup section */
		A5D94EE42BA5907400A2D609 = {
			isa = PBXGroup;
			children = (
				A5D94F462BA6301300A2D609 /* Huilehui image */,
				A5D94EEF2BA5907400A2D609 /* Huilehui PremierLeague */,
				A5D94EEE2BA5907400A2D609 /* Products */,
			);
			sourceTree = "<group>";
		};
		A5D94EEE2BA5907400A2D609 /* Products */ = {
			isa = PBXGroup;
			children = (
				A5D94EED2BA5907400A2D609 /* Huilehui PremierLeague.app */,
			);
			name = Products;
			sourceTree = "<group>";
		};
		A5D94EEF2BA5907400A2D609 /* Huilehui PremierLeague */ = {
			isa = PBXGroup;
			children = (
				A5D94F3F2BA5BBD100A2D609 /* Views */,
				A5D94F3D2BA5B64F00A2D609 /* ViewModel */,
				A5D94F362BA5B4D500A2D609 /* Model */,
				A5D94F302BA5A6D600A2D609 /* ViewControllers */,
				A5D94EF02BA5907500A2D609 /* AppDelegate.swift */,
				A5D94EF22BA5907500A2D609 /* SceneDelegate.swift */,
				A5D94EF62BA5907500A2D609 /* Main.storyboard */,
				A5D94F192BA59AB500A2D609 /* Resources */,
				A5D94EFB2BA5907600A2D609 /* LaunchScreen.storyboard */,
				A5D94F2E2BA59AEB00A2D609 /* Assets.xcassets */,
				A5D94EFE2BA5907600A2D609 /* Info.plist */,
			);
			path = "Huilehui PremierLeague";
			sourceTree = "<group>";
		};
		A5D94F172BA59AB500A2D609 /* Chants */ = {
			isa = PBXGroup;
			children = (
				A5D94F042BA59AB500A2D609 /* arsenal.mp3 */,
				A5D94F052BA59AB500A2D609 /* aston_villa.mp3 */,
				A5D94F062BA59AB500A2D609 /* brighton.mp3 */,
				A5D94F072BA59AB500A2D609 /* burnley.mp3 */,
				A5D94F082BA59AB500A2D609 /* chelsea.mp3 */,
				A5D94F092BA59AB500A2D609 /* everton.mp3 */,
				A5D94F0A2BA59AB500A2D609 /* fulham.mp3 */,
				A5D94F0B2BA59AB500A2D609 /* leeds.mp3 */,
				A5D94F0C2BA59AB500A2D609 /* leicester.mp3 */,
				A5D94F0D2BA59AB500A2D609 /* liverpool.mp3 */,
				A5D94F0E2BA59AB500A2D609 /* manchester_city.mp3 */,
				A5D94F0F2BA59AB500A2D609 /* manchester_united.mp3 */,
				A5D94F102BA59AB500A2D609 /* newcastle.mp3 */,
				A5D94F112BA59AB500A2D609 /* palace.mp3 */,
				A5D94F122BA59AB500A2D609 /* sheffield.mp3 */,
				A5D94F132BA59AB500A2D609 /* southampton.mp3 */,
				A5D94F142BA59AB500A2D609 /* tottenham.mp3 */,
				A5D94F152BA59AB500A2D609 /* west_brom.mp3 */,
				A5D94F162BA59AB500A2D609 /* wolves.mp3 */,
			);
			path = Chants;
			sourceTree = "<group>";
		};
		A5D94F192BA59AB500A2D609 /* Resources */ = {
			isa = PBXGroup;
			children = (
				A5D94F172BA59AB500A2D609 /* Chants */,
				A5D94F182BA59AB500A2D609 /* Teams.swift */,
				A5D94F422BA60FDF00A2D609 /* Assets.swift */,
			);
			path = Resources;
			sourceTree = "<group>";
		};
		A5D94F302BA5A6D600A2D609 /* ViewControllers */ = {
			isa = PBXGroup;
			children = (
				A5D94F342BA5A7A100A2D609 /* ChantsViewController.swift */,
			);
			path = ViewControllers;
			sourceTree = "<group>";
		};
		A5D94F362BA5B4D500A2D609 /* Model */ = {
			isa = PBXGroup;
			children = (
				A5D94F382BA5B50300A2D609 /* Team.swift */,
				A5D94F3A2BA5B5AE00A2D609 /* Manager.swift */,
			);
			path = Model;
			sourceTree = "<group>";
		};
		A5D94F3D2BA5B64F00A2D609 /* ViewModel */ = {
			isa = PBXGroup;
			children = (
				A5D94F3C2BA5B64F00A2D609 /* TeamsViewModel.swift */,
				A5D94F442BA623C200A2D609 /* AudioManagerViewModel.swift */,
			);
			path = ViewModel;
			sourceTree = "<group>";
		};
		A5D94F3F2BA5BBD100A2D609 /* Views */ = {
			isa = PBXGroup;
			children = (
				A5D94F402BA5BC0900A2D609 /* TeamTableViewCell.swift */,
			);
			path = Views;
			sourceTree = "<group>";
		};
		A5D94F462BA6301300A2D609 /* Huilehui image */ = {
			isa = PBXGroup;
			children = (
				A5D94F472BA630DC00A2D609 /* AppInterface */,
			);
			path = "Huilehui image";
			sourceTree = "<group>";
		};
/* End PBXGroup section */

/* Begin PBXNativeTarget section */
		A5D94EEC2BA5907400A2D609 /* Huilehui PremierLeague */ = {
			isa = PBXNativeTarget;
			buildConfigurationList = A5D94F012BA5907600A2D609 /* Build configuration list for PBXNativeTarget "Huilehui PremierLeague" */;
			buildPhases = (
				A5D94EE92BA5907400A2D609 /* Sources */,
				A5D94EEA2BA5907400A2D609 /* Frameworks */,
				A5D94EEB2BA5907400A2D609 /* Resources */,
			);
			buildRules = (
			);
			dependencies = (
			);
			name = "Huilehui PremierLeague";
			productName = "Huilehui PremierLeague";
			productReference = A5D94EED2BA5907400A2D609 /* Huilehui PremierLeague.app */;
			productType = "com.apple.product-type.application";
		};
/* End PBXNativeTarget section */

/* Begin PBXProject section */
		A5D94EE52BA5907400A2D609 /* Project object */ = {
			isa = PBXProject;
			attributes = {
				BuildIndependentTargetsInParallel = 1;
				LastSwiftUpdateCheck = 1530;
				LastUpgradeCheck = 1530;
				TargetAttributes = {
					A5D94EEC2BA5907400A2D609 = {
						CreatedOnToolsVersion = 15.3;
					};
				};
			};
			buildConfigurationList = A5D94EE82BA5907400A2D609 /* Build configuration list for PBXProject "Huilehui PremierLeague" */;
			compatibilityVersion = "Xcode 14.0";
			developmentRegion = en;
			hasScannedForEncodings = 0;
			knownRegions = (
				en,
				Base,
			);
			mainGroup = A5D94EE42BA5907400A2D609;
			productRefGroup = A5D94EEE2BA5907400A2D609 /* Products */;
			projectDirPath = "";
			projectRoot = "";
			targets = (
				A5D94EEC2BA5907400A2D609 /* Huilehui PremierLeague */,
			);
		};
/* End PBXProject section */

/* Begin PBXResourcesBuildPhase section */
		A5D94EEB2BA5907400A2D609 /* Resources */ = {
			isa = PBXResourcesBuildPhase;
			buildActionMask = 2147483647;
			files = (
				A5D94F262BA59AB500A2D609 /* newcastle.mp3 in Resources */,
				A5D94F202BA59AB500A2D609 /* fulham.mp3 in Resources */,
				A5D94F2F2BA59AEB00A2D609 /* Assets.xcassets in Resources */,
				A5D94F232BA59AB500A2D609 /* liverpool.mp3 in Resources */,
				A5D94F1C2BA59AB500A2D609 /* brighton.mp3 in Resources */,
				A5D94F252BA59AB500A2D609 /* manchester_united.mp3 in Resources */,
				A5D94F2C2BA59AB500A2D609 /* wolves.mp3 in Resources */,
				A5D94F482BA630DC00A2D609 /* AppInterface in Resources */,
				A5D94F1D2BA59AB500A2D609 /* burnley.mp3 in Resources */,
				A5D94F212BA59AB500A2D609 /* leeds.mp3 in Resources */,
				A5D94F1B2BA59AB500A2D609 /* aston_villa.mp3 in Resources */,
				A5D94F2B2BA59AB500A2D609 /* west_brom.mp3 in Resources */,
				A5D94EFD2BA5907600A2D609 /* Base in Resources */,
				A5D94F222BA59AB500A2D609 /* leicester.mp3 in Resources */,
				A5D94F2A2BA59AB500A2D609 /* tottenham.mp3 in Resources */,
				A5D94F272BA59AB500A2D609 /* palace.mp3 in Resources */,
				A5D94EF82BA5907500A2D609 /* Base in Resources */,
				A5D94F292BA59AB500A2D609 /* southampton.mp3 in Resources */,
				A5D94F1E2BA59AB500A2D609 /* chelsea.mp3 in Resources */,
				A5D94F1F2BA59AB500A2D609 /* everton.mp3 in Resources */,
				A5D94F282BA59AB500A2D609 /* sheffield.mp3 in Resources */,
				A5D94F1A2BA59AB500A2D609 /* arsenal.mp3 in Resources */,
				A5D94F242BA59AB500A2D609 /* manchester_city.mp3 in Resources */,
			);
			runOnlyForDeploymentPostprocessing = 0;
		};
/* End PBXResourcesBuildPhase section */

/* Begin PBXSourcesBuildPhase section */
		A5D94EE92BA5907400A2D609 /* Sources */ = {
			isa = PBXSourcesBuildPhase;
			buildActionMask = 2147483647;
			files = (
				A5D94F352BA5A7A100A2D609 /* ChantsViewController.swift in Sources */,
				A5D94F3E2BA5B64F00A2D609 /* TeamsViewModel.swift in Sources */,
				A5D94F3B2BA5B5AE00A2D609 /* Manager.swift in Sources */,
				A5D94F2D2BA59AB500A2D609 /* Teams.swift in Sources */,
				A5D94F412BA5BC0900A2D609 /* TeamTableViewCell.swift in Sources */,
				A5D94F452BA623C200A2D609 /* AudioManagerViewModel.swift in Sources */,
				A5D94EF12BA5907500A2D609 /* AppDelegate.swift in Sources */,
				A5D94F392BA5B50300A2D609 /* Team.swift in Sources */,
				A5D94EF32BA5907500A2D609 /* SceneDelegate.swift in Sources */,
				A5D94F432BA60FDF00A2D609 /* Assets.swift in Sources */,
			);
			runOnlyForDeploymentPostprocessing = 0;
		};
/* End PBXSourcesBuildPhase section */

/* Begin PBXVariantGroup section */
		A5D94EF62BA5907500A2D609 /* Main.storyboard */ = {
			isa = PBXVariantGroup;
			children = (
				A5D94EF72BA5907500A2D609 /* Base */,
			);
			name = Main.storyboard;
			sourceTree = "<group>";
		};
		A5D94EFB2BA5907600A2D609 /* LaunchScreen.storyboard */ = {
			isa = PBXVariantGroup;
			children = (
				A5D94EFC2BA5907600A2D609 /* Base */,
			);
			name = LaunchScreen.storyboard;
			sourceTree = "<group>";
		};
/* End PBXVariantGroup section */

/* Begin XCBuildConfiguration section */
		A5D94EFF2BA5907600A2D609 /* Debug */ = {
			isa = XCBuildConfiguration;
			buildSettings = {
				ALWAYS_SEARCH_USER_PATHS = NO;
				ASSETCATALOG_COMPILER_GENERATE_SWIFT_ASSET_SYMBOL_EXTENSIONS = YES;
				CLANG_ANALYZER_NONNULL = YES;
				CLANG_ANALYZER_NUMBER_OBJECT_CONVERSION = YES_AGGRESSIVE;
				CLANG_CXX_LANGUAGE_STANDARD = "gnu++20";
				CLANG_ENABLE_MODULES = YES;
				CLANG_ENABLE_OBJC_ARC = YES;
				CLANG_ENABLE_OBJC_WEAK = YES;
				CLANG_WARN_BLOCK_CAPTURE_AUTORELEASING = YES;
				CLANG_WARN_BOOL_CONVERSION = YES;
				CLANG_WARN_COMMA = YES;
				CLANG_WARN_CONSTANT_CONVERSION = YES;
				CLANG_WARN_DEPRECATED_OBJC_IMPLEMENTATIONS = YES;
				CLANG_WARN_DIRECT_OBJC_ISA_USAGE = YES_ERROR;
				CLANG_WARN_DOCUMENTATION_COMMENTS = YES;
				CLANG_WARN_EMPTY_BODY = YES;
				CLANG_WARN_ENUM_CONVERSION = YES;
				CLANG_WARN_INFINITE_RECURSION = YES;
				CLANG_WARN_INT_CONVERSION = YES;
				CLANG_WARN_NON_LITERAL_NULL_CONVERSION = YES;
				CLANG_WARN_OBJC_IMPLICIT_RETAIN_SELF = YES;
				CLANG_WARN_OBJC_LITERAL_CONVERSION = YES;
				CLANG_WARN_OBJC_ROOT_CLASS = YES_ERROR;
				CLANG_WARN_QUOTED_INCLUDE_IN_FRAMEWORK_HEADER = YES;
				CLANG_WARN_RANGE_LOOP_ANALYSIS = YES;
				CLANG_WARN_STRICT_PROTOTYPES = YES;
				CLANG_WARN_SUSPICIOUS_MOVE = YES;
				CLANG_WARN_UNGUARDED_AVAILABILITY = YES_AGGRESSIVE;
				CLANG_WARN_UNREACHABLE_CODE = YES;
				CLANG_WARN__DUPLICATE_METHOD_MATCH = YES;
				COPY_PHASE_STRIP = NO;
				DEBUG_INFORMATION_FORMAT = dwarf;
				ENABLE_STRICT_OBJC_MSGSEND = YES;
				ENABLE_TESTABILITY = YES;
				ENABLE_USER_SCRIPT_SANDBOXING = YES;
				GCC_C_LANGUAGE_STANDARD = gnu17;
				GCC_DYNAMIC_NO_PIC = NO;
				GCC_NO_COMMON_BLOCKS = YES;
				GCC_OPTIMIZATION_LEVEL = 0;
				GCC_PREPROCESSOR_DEFINITIONS = (
					"DEBUG=1",
					"$(inherited)",
				);
				GCC_WARN_64_TO_32_BIT_CONVERSION = YES;
				GCC_WARN_ABOUT_RETURN_TYPE = YES_ERROR;
				GCC_WARN_UNDECLARED_SELECTOR = YES;
				GCC_WARN_UNINITIALIZED_AUTOS = YES_AGGRESSIVE;
				GCC_WARN_UNUSED_FUNCTION = YES;
				GCC_WARN_UNUSED_VARIABLE = YES;
				IPHONEOS_DEPLOYMENT_TARGET = 17.4;
				LOCALIZATION_PREFERS_STRING_CATALOGS = YES;
				MTL_ENABLE_DEBUG_INFO = INCLUDE_SOURCE;
				MTL_FAST_MATH = YES;
				ONLY_ACTIVE_ARCH = YES;
				SDKROOT = iphoneos;
				SWIFT_ACTIVE_COMPILATION_CONDITIONS = "DEBUG $(inherited)";
				SWIFT_OPTIMIZATION_LEVEL = "-Onone";
			};
			name = Debug;
		};
		A5D94F002BA5907600A2D609 /* Release */ = {
			isa = XCBuildConfiguration;
			buildSettings = {
				ALWAYS_SEARCH_USER_PATHS = NO;
				ASSETCATALOG_COMPILER_GENERATE_SWIFT_ASSET_SYMBOL_EXTENSIONS = YES;
				CLANG_ANALYZER_NONNULL = YES;
				CLANG_ANALYZER_NUMBER_OBJECT_CONVERSION = YES_AGGRESSIVE;
				CLANG_CXX_LANGUAGE_STANDARD = "gnu++20";
				CLANG_ENABLE_MODULES = YES;
				CLANG_ENABLE_OBJC_ARC = YES;
				CLANG_ENABLE_OBJC_WEAK = YES;
				CLANG_WARN_BLOCK_CAPTURE_AUTORELEASING = YES;
				CLANG_WARN_BOOL_CONVERSION = YES;
				CLANG_WARN_COMMA = YES;
				CLANG_WARN_CONSTANT_CONVERSION = YES;
				CLANG_WARN_DEPRECATED_OBJC_IMPLEMENTATIONS = YES;
				CLANG_WARN_DIRECT_OBJC_ISA_USAGE = YES_ERROR;
				CLANG_WARN_DOCUMENTATION_COMMENTS = YES;
				CLANG_WARN_EMPTY_BODY = YES;
				CLANG_WARN_ENUM_CONVERSION = YES;
				CLANG_WARN_INFINITE_RECURSION = YES;
				CLANG_WARN_INT_CONVERSION = YES;
				CLANG_WARN_NON_LITERAL_NULL_CONVERSION = YES;
				CLANG_WARN_OBJC_IMPLICIT_RETAIN_SELF = YES;
				CLANG_WARN_OBJC_LITERAL_CONVERSION = YES;
				CLANG_WARN_OBJC_ROOT_CLASS = YES_ERROR;
				CLANG_WARN_QUOTED_INCLUDE_IN_FRAMEWORK_HEADER = YES;
				CLANG_WARN_RANGE_LOOP_ANALYSIS = YES;
				CLANG_WARN_STRICT_PROTOTYPES = YES;
				CLANG_WARN_SUSPICIOUS_MOVE = YES;
				CLANG_WARN_UNGUARDED_AVAILABILITY = YES_AGGRESSIVE;
				CLANG_WARN_UNREACHABLE_CODE = YES;
				CLANG_WARN__DUPLICATE_METHOD_MATCH = YES;
				COPY_PHASE_STRIP = NO;
				DEBUG_INFORMATION_FORMAT = "dwarf-with-dsym";
				ENABLE_NS_ASSERTIONS = NO;
				ENABLE_STRICT_OBJC_MSGSEND = YES;
				ENABLE_USER_SCRIPT_SANDBOXING = YES;
				GCC_C_LANGUAGE_STANDARD = gnu17;
				GCC_NO_COMMON_BLOCKS = YES;
				GCC_WARN_64_TO_32_BIT_CONVERSION = YES;
				GCC_WARN_ABOUT_RETURN_TYPE = YES_ERROR;
				GCC_WARN_UNDECLARED_SELECTOR = YES;
				GCC_WARN_UNINITIALIZED_AUTOS = YES_AGGRESSIVE;
				GCC_WARN_UNUSED_FUNCTION = YES;
				GCC_WARN_UNUSED_VARIABLE = YES;
				IPHONEOS_DEPLOYMENT_TARGET = 17.4;
				LOCALIZATION_PREFERS_STRING_CATALOGS = YES;
				MTL_ENABLE_DEBUG_INFO = NO;
				MTL_FAST_MATH = YES;
				SDKROOT = iphoneos;
				SWIFT_COMPILATION_MODE = wholemodule;
				VALIDATE_PRODUCT = YES;
			};
			name = Release;
		};
		A5D94F022BA5907600A2D609 /* Debug */ = {
			isa = XCBuildConfiguration;
			buildSettings = {
				ASSETCATALOG_COMPILER_APPICON_NAME = AppIcon;
				ASSETCATALOG_COMPILER_GLOBAL_ACCENT_COLOR_NAME = AccentColor;
				CODE_SIGN_STYLE = Automatic;
				CURRENT_PROJECT_VERSION = 1;
				GENERATE_INFOPLIST_FILE = YES;
				INFOPLIST_FILE = "Huilehui PremierLeague/Info.plist";
				INFOPLIST_KEY_UIApplicationSupportsIndirectInputEvents = YES;
				INFOPLIST_KEY_UILaunchStoryboardName = LaunchScreen;
				INFOPLIST_KEY_UIMainStoryboardFile = Main;
				INFOPLIST_KEY_UISupportedInterfaceOrientations = UIInterfaceOrientationPortrait;
				IPHONEOS_DEPLOYMENT_TARGET = 13.0;
				LD_RUNPATH_SEARCH_PATHS = (
					"$(inherited)",
					"@executable_path/Frameworks",
				);
				MARKETING_VERSION = 1.0;
				PRODUCT_BUNDLE_IDENTIFIER = "com.navathon.Huilehui-PremierLeague";
				PRODUCT_NAME = "$(TARGET_NAME)";
				SWIFT_EMIT_LOC_STRINGS = YES;
				SWIFT_VERSION = 5.0;
				TARGETED_DEVICE_FAMILY = "1,2";
			};
			name = Debug;
		};
		A5D94F032BA5907600A2D609 /* Release */ = {
			isa = XCBuildConfiguration;
			buildSettings = {
				ASSETCATALOG_COMPILER_APPICON_NAME = AppIcon;
				ASSETCATALOG_COMPILER_GLOBAL_ACCENT_COLOR_NAME = AccentColor;
				CODE_SIGN_STYLE = Automatic;
				CURRENT_PROJECT_VERSION = 1;
				GENERATE_INFOPLIST_FILE = YES;
				INFOPLIST_FILE = "Huilehui PremierLeague/Info.plist";
				INFOPLIST_KEY_UIApplicationSupportsIndirectInputEvents = YES;
				INFOPLIST_KEY_UILaunchStoryboardName = LaunchScreen;
				INFOPLIST_KEY_UIMainStoryboardFile = Main;
				INFOPLIST_KEY_UISupportedInterfaceOrientations = UIInterfaceOrientationPortrait;
				IPHONEOS_DEPLOYMENT_TARGET = 13.0;
				LD_RUNPATH_SEARCH_PATHS = (
					"$(inherited)",
					"@executable_path/Frameworks",
				);
				MARKETING_VERSION = 1.0;
				PRODUCT_BUNDLE_IDENTIFIER = "com.navathon.Huilehui-PremierLeague";
				PRODUCT_NAME = "$(TARGET_NAME)";
				SWIFT_EMIT_LOC_STRINGS = YES;
				SWIFT_VERSION = 5.0;
				TARGETED_DEVICE_FAMILY = "1,2";
			};
			name = Release;
		};
/* End XCBuildConfiguration section */

/* Begin XCConfigurationList section */
		A5D94EE82BA5907400A2D609 /* Build configuration list for PBXProject "Huilehui PremierLeague" */ = {
			isa = XCConfigurationList;
			buildConfigurations = (
				A5D94EFF2BA5907600A2D609 /* Debug */,
				A5D94F002BA5907600A2D609 /* Release */,
			);
			defaultConfigurationIsVisible = 0;
			defaultConfigurationName = Release;
		};
		A5D94F012BA5907600A2D609 /* Build configuration list for PBXNativeTarget "Huilehui PremierLeague" */ = {
			isa = XCConfigurationList;
			buildConfigurations = (
				A5D94F022BA5907600A2D609 /* Debug */,
				A5D94F032BA5907600A2D609 /* Release */,
			);
			defaultConfigurationIsVisible = 0;
			defaultConfigurationName = Release;
		};
/* End XCConfigurationList section */
	};
	rootObject = A5D94EE52BA5907400A2D609 /* Project object */;
}
